
Microsoft Visual Studio Solution File, Format Version 12.00
# Visual Studio Version 16
VisualStudioVersion = 16.0.29009.5
MinimumVisualStudioVersion = 10.0.40219.1
Project("{FAE04EC0-301F-11D3-BF4B-00C04F79EFBC}") = "Exercise_9", "Exercise_9\Exercise_9.csproj", "{4D66236D-DB51-45D1-836C-42C6E98FFE09}"
EndProject
Global
	GlobalSection(SolutionConfigurationPlatforms) = preSolution
		Debug|Any CPU = Debug|Any CPU
		Release|Any CPU = Release|Any CPU
	EndGlobalSection
	GlobalSection(ProjectConfigurationPlatforms) = postSolution
		{4D66236D-DB51-45D1-836C-42C6E98FFE09}.Debug|Any CPU.ActiveCfg = Debug|Any CPU
		{4D66236D-DB51-45D1-836C-42C6E98FFE09}.Debug|Any CPU.Build.0 = Debug|Any CPU
		{4D66236D-DB51-45D1-836C-42C6E98FFE09}.Release|Any CPU.ActiveCfg = Release|Any CPU
		{4D66236D-DB51-45D1-836C-42C6E98FFE09}.Release|Any CPU.Build.0 = Release|Any CPU
	EndGlobalSection
	GlobalSection(SolutionProperties) = preSolution
		HideSolutionNode = FALSE
	EndGlobalSection
	GlobalSection(ExtensibilityGlobals) = postSolution
		SolutionGuid = {D6FDAB91-7523-4711-A695-63280AC9DFCF}
	EndGlobalSection
EndGlobal
